
Microsoft Visual Studio Solution File, Format Version 12.00
# Visual Studio 15
VisualStudioVersion = 15.0.27428.1
MinimumVisualStudioVersion = 10.0.40219.1
Project("{8BC9CEB8-8B4A-11D0-8D11-00A0C91BC942}") = "SolarProj", "SolarProj.vcxproj", "{A2912738-11C8-4802-8A75-E04E14BEC6C6}"
EndProject
Global
	GlobalSection(SolutionConfigurationPlatforms) = preSolution
		Debug|x64 = Debug|x64
		Debug|x86 = Debug|x86
		Release|x64 = Release|x64
		Release|x86 = Release|x86
	EndGlobalSection
	GlobalSection(ProjectConfigurationPlatforms) = postSolution
		{A2912738-11C8-4802-8A75-E04E14BEC6C6}.Debug|x64.ActiveCfg = Debug|x64
		{A2912738-11C8-4802-8A75-E04E14BEC6C6}.Debug|x64.Build.0 = Debug|x64
		{A2912738-11C8-4802-8A75-E04E14BEC6C6}.Debug|x86.ActiveCfg = Debug|Win32
		{A2912738-11C8-4802-8A75-E04E14BEC6C6}.Debug|x86.Build.0 = Debug|Win32
		{A2912738-11C8-4802-8A75-E04E14BEC6C6}.Release|x64.ActiveCfg = Release|x64
		{A2912738-11C8-4802-8A75-E04E14BEC6C6}.Release|x64.Build.0 = Release|x64
		{A2912738-11C8-4802-8A75-E04E14BEC6C6}.Release|x86.ActiveCfg = Release|Win32
		{A2912738-11C8-4802-8A75-E04E14BEC6C6}.Release|x86.Build.0 = Release|Win32
	EndGlobalSection
	GlobalSection(SolutionProperties) = preSolution
		HideSolutionNode = FALSE
	EndGlobalSection
	GlobalSection(ExtensibilityGlobals) = postSolution
		SolutionGuid = {1B7C46DC-CFEF-433D-B4B2-2E63F431B07A}
	EndGlobalSection
EndGlobal
